
Microsoft Visual Studio Solution File, Format Version 12.00
# Visual Studio Version 16
VisualStudioVersion = 16.0.30611.23
MinimumVisualStudioVersion = 10.0.40219.1
Project("{FAE04EC0-301F-11D3-BF4B-00C04F79EFBC}") = "ConsoleBMI", "ConsoleApp1\ConsoleBMI.csproj", "{E8615677-502E-4C56-A124-7E09328FCDA4}"
EndProject
Project("{FAE04EC0-301F-11D3-BF4B-00C04F79EFBC}") = "WpfBmi", "WpfBmi\WpfBmi.csproj", "{A591CCDF-63CD-4BFB-97B7-AF7FC8B6AF22}"
EndProject
Project("{FAE04EC0-301F-11D3-BF4B-00C04F79EFBC}") = "ConsoleKarakter", "ConsoleKarakter\ConsoleKarakter.csproj", "{45BFC7BE-0D74-4384-B4D8-91B30E343844}"
EndProject
Project("{FAE04EC0-301F-11D3-BF4B-00C04F79EFBC}") = "WpfInterest", "WpfIngredienten\WpfInterest.csproj", "{3367CAD6-2115-463F-8CAC-09BF2A5D0EDF}"
EndProject
Project("{FAE04EC0-301F-11D3-BF4B-00C04F79EFBC}") = "WpfIngredienten", "WpfApp1\WpfIngredienten.csproj", "{FBD3F4C9-BFA7-41F3-A063-3E34432233F2}"
EndProject
Project("{FAE04EC0-301F-11D3-BF4B-00C04F79EFBC}") = "ConsoleHms", "ConsoleHms\ConsoleHms.csproj", "{4D5EE620-7742-4FF5-B471-DB2E1FC554A1}"
EndProject
Global
	GlobalSection(SolutionConfigurationPlatforms) = preSolution
		Debug|Any CPU = Debug|Any CPU
		Release|Any CPU = Release|Any CPU
	EndGlobalSection
	GlobalSection(ProjectConfigurationPlatforms) = postSolution
		{E8615677-502E-4C56-A124-7E09328FCDA4}.Debug|Any CPU.ActiveCfg = Debug|Any CPU
		{E8615677-502E-4C56-A124-7E09328FCDA4}.Debug|Any CPU.Build.0 = Debug|Any CPU
		{E8615677-502E-4C56-A124-7E09328FCDA4}.Release|Any CPU.ActiveCfg = Release|Any CPU
		{E8615677-502E-4C56-A124-7E09328FCDA4}.Release|Any CPU.Build.0 = Release|Any CPU
		{A591CCDF-63CD-4BFB-97B7-AF7FC8B6AF22}.Debug|Any CPU.ActiveCfg = Debug|Any CPU
		{A591CCDF-63CD-4BFB-97B7-AF7FC8B6AF22}.Debug|Any CPU.Build.0 = Debug|Any CPU
		{A591CCDF-63CD-4BFB-97B7-AF7FC8B6AF22}.Release|Any CPU.ActiveCfg = Release|Any CPU
		{A591CCDF-63CD-4BFB-97B7-AF7FC8B6AF22}.Release|Any CPU.Build.0 = Release|Any CPU
		{45BFC7BE-0D74-4384-B4D8-91B30E343844}.Debug|Any CPU.ActiveCfg = Debug|Any CPU
		{45BFC7BE-0D74-4384-B4D8-91B30E343844}.Debug|Any CPU.Build.0 = Debug|Any CPU
		{45BFC7BE-0D74-4384-B4D8-91B30E343844}.Release|Any CPU.ActiveCfg = Release|Any CPU
		{45BFC7BE-0D74-4384-B4D8-91B30E343844}.Release|Any CPU.Build.0 = Release|Any CPU
		{3367CAD6-2115-463F-8CAC-09BF2A5D0EDF}.Debug|Any CPU.ActiveCfg = Debug|Any CPU
		{3367CAD6-2115-463F-8CAC-09BF2A5D0EDF}.Debug|Any CPU.Build.0 = Debug|Any CPU
		{3367CAD6-2115-463F-8CAC-09BF2A5D0EDF}.Release|Any CPU.ActiveCfg = Release|Any CPU
		{3367CAD6-2115-463F-8CAC-09BF2A5D0EDF}.Release|Any CPU.Build.0 = Release|Any CPU
		{FBD3F4C9-BFA7-41F3-A063-3E34432233F2}.Debug|Any CPU.ActiveCfg = Debug|Any CPU
		{FBD3F4C9-BFA7-41F3-A063-3E34432233F2}.Debug|Any CPU.Build.0 = Debug|Any CPU
		{FBD3F4C9-BFA7-41F3-A063-3E34432233F2}.Release|Any CPU.ActiveCfg = Release|Any CPU
		{FBD3F4C9-BFA7-41F3-A063-3E34432233F2}.Release|Any CPU.Build.0 = Release|Any CPU
		{4D5EE620-7742-4FF5-B471-DB2E1FC554A1}.Debug|Any CPU.ActiveCfg = Debug|Any CPU
		{4D5EE620-7742-4FF5-B471-DB2E1FC554A1}.Debug|Any CPU.Build.0 = Debug|Any CPU
		{4D5EE620-7742-4FF5-B471-DB2E1FC554A1}.Release|Any CPU.ActiveCfg = Release|Any CPU
		{4D5EE620-7742-4FF5-B471-DB2E1FC554A1}.Release|Any CPU.Build.0 = Release|Any CPU
	EndGlobalSection
	GlobalSection(SolutionProperties) = preSolution
		HideSolutionNode = FALSE
	EndGlobalSection
	GlobalSection(ExtensibilityGlobals) = postSolution
		SolutionGuid = {CC7CD6FA-2641-4663-9B34-D65589A7C24F}
	EndGlobalSection
EndGlobal
