
Microsoft Visual Studio Solution File, Format Version 12.00
# Visual Studio Version 16
VisualStudioVersion = 16.0.30611.23
MinimumVisualStudioVersion = 10.0.40219.1
Project("{FAE04EC0-301F-11D3-BF4B-00C04F79EFBC}") = "ConsoleRaden", "ConsoleRaden\ConsoleRaden.csproj", "{E18488EB-3295-42A1-BDB1-A33211FA958E}"
EndProject
Project("{FAE04EC0-301F-11D3-BF4B-00C04F79EFBC}") = "WpfRaden", "WpfRaden\WpfRaden.csproj", "{0652EB41-8A9D-49DD-BEEB-0C63E7F051AA}"
EndProject
Project("{FAE04EC0-301F-11D3-BF4B-00C04F79EFBC}") = "ConsoleEindcijfer", "ConsoleEindcijfer\ConsoleEindcijfer.csproj", "{E3E1B065-0650-4C82-9DF4-BEDC5E91F9FE}"
EndProject
Project("{FAE04EC0-301F-11D3-BF4B-00C04F79EFBC}") = "ConsoleBestelling", "ConsoleBestelling\ConsoleBestelling.csproj", "{96F52801-CEAA-45E3-998D-4A28D406D0FD}"
EndProject
Project("{FAE04EC0-301F-11D3-BF4B-00C04F79EFBC}") = "WpfBieden", "WpfBieden\WpfBieden.csproj", "{B416C6DD-549A-4315-B28F-6D8E49C19107}"
EndProject
Project("{FAE04EC0-301F-11D3-BF4B-00C04F79EFBC}") = "WpfSlidekleur", "WpfSlidekleur\WpfSlidekleur.csproj", "{5BF7AC5D-04E1-4E69-AAB4-4DB0017A9056}"
EndProject
Global
	GlobalSection(SolutionConfigurationPlatforms) = preSolution
		Debug|Any CPU = Debug|Any CPU
		Release|Any CPU = Release|Any CPU
	EndGlobalSection
	GlobalSection(ProjectConfigurationPlatforms) = postSolution
		{E18488EB-3295-42A1-BDB1-A33211FA958E}.Debug|Any CPU.ActiveCfg = Debug|Any CPU
		{E18488EB-3295-42A1-BDB1-A33211FA958E}.Debug|Any CPU.Build.0 = Debug|Any CPU
		{E18488EB-3295-42A1-BDB1-A33211FA958E}.Release|Any CPU.ActiveCfg = Release|Any CPU
		{E18488EB-3295-42A1-BDB1-A33211FA958E}.Release|Any CPU.Build.0 = Release|Any CPU
		{0652EB41-8A9D-49DD-BEEB-0C63E7F051AA}.Debug|Any CPU.ActiveCfg = Debug|Any CPU
		{0652EB41-8A9D-49DD-BEEB-0C63E7F051AA}.Debug|Any CPU.Build.0 = Debug|Any CPU
		{0652EB41-8A9D-49DD-BEEB-0C63E7F051AA}.Release|Any CPU.ActiveCfg = Release|Any CPU
		{0652EB41-8A9D-49DD-BEEB-0C63E7F051AA}.Release|Any CPU.Build.0 = Release|Any CPU
		{E3E1B065-0650-4C82-9DF4-BEDC5E91F9FE}.Debug|Any CPU.ActiveCfg = Debug|Any CPU
		{E3E1B065-0650-4C82-9DF4-BEDC5E91F9FE}.Debug|Any CPU.Build.0 = Debug|Any CPU
		{E3E1B065-0650-4C82-9DF4-BEDC5E91F9FE}.Release|Any CPU.ActiveCfg = Release|Any CPU
		{E3E1B065-0650-4C82-9DF4-BEDC5E91F9FE}.Release|Any CPU.Build.0 = Release|Any CPU
		{96F52801-CEAA-45E3-998D-4A28D406D0FD}.Debug|Any CPU.ActiveCfg = Debug|Any CPU
		{96F52801-CEAA-45E3-998D-4A28D406D0FD}.Debug|Any CPU.Build.0 = Debug|Any CPU
		{96F52801-CEAA-45E3-998D-4A28D406D0FD}.Release|Any CPU.ActiveCfg = Release|Any CPU
		{96F52801-CEAA-45E3-998D-4A28D406D0FD}.Release|Any CPU.Build.0 = Release|Any CPU
		{B416C6DD-549A-4315-B28F-6D8E49C19107}.Debug|Any CPU.ActiveCfg = Debug|Any CPU
		{B416C6DD-549A-4315-B28F-6D8E49C19107}.Debug|Any CPU.Build.0 = Debug|Any CPU
		{B416C6DD-549A-4315-B28F-6D8E49C19107}.Release|Any CPU.ActiveCfg = Release|Any CPU
		{B416C6DD-549A-4315-B28F-6D8E49C19107}.Release|Any CPU.Build.0 = Release|Any CPU
		{5BF7AC5D-04E1-4E69-AAB4-4DB0017A9056}.Debug|Any CPU.ActiveCfg = Debug|Any CPU
		{5BF7AC5D-04E1-4E69-AAB4-4DB0017A9056}.Debug|Any CPU.Build.0 = Debug|Any CPU
		{5BF7AC5D-04E1-4E69-AAB4-4DB0017A9056}.Release|Any CPU.ActiveCfg = Release|Any CPU
		{5BF7AC5D-04E1-4E69-AAB4-4DB0017A9056}.Release|Any CPU.Build.0 = Release|Any CPU
	EndGlobalSection
	GlobalSection(SolutionProperties) = preSolution
		HideSolutionNode = FALSE
	EndGlobalSection
	GlobalSection(ExtensibilityGlobals) = postSolution
		SolutionGuid = {EA53524F-EE31-4519-8FC3-9BC14EC2B292}
	EndGlobalSection
EndGlobal
