
Microsoft Visual Studio Solution File, Format Version 12.00
# Visual Studio Version 16
VisualStudioVersion = 16.0.30611.23
MinimumVisualStudioVersion = 10.0.40219.1
Project("{FAE04EC0-301F-11D3-BF4B-00C04F79EFBC}") = "ConsoleMusicPlayer", "ConsoleMusicPlayer\ConsoleMusicPlayer.csproj", "{71993B84-68D7-4A92-8F06-2897FE8974F6}"
EndProject
Project("{FAE04EC0-301F-11D3-BF4B-00C04F79EFBC}") = "WpfMusicPlayer", "WpfMusicPlayer\WpfMusicPlayer.csproj", "{A160C43C-709C-4767-BA68-D8DFEE2CEC64}"
EndProject
Global
	GlobalSection(SolutionConfigurationPlatforms) = preSolution
		Debug|Any CPU = Debug|Any CPU
		Release|Any CPU = Release|Any CPU
	EndGlobalSection
	GlobalSection(ProjectConfigurationPlatforms) = postSolution
		{71993B84-68D7-4A92-8F06-2897FE8974F6}.Debug|Any CPU.ActiveCfg = Debug|Any CPU
		{71993B84-68D7-4A92-8F06-2897FE8974F6}.Debug|Any CPU.Build.0 = Debug|Any CPU
		{71993B84-68D7-4A92-8F06-2897FE8974F6}.Release|Any CPU.ActiveCfg = Release|Any CPU
		{71993B84-68D7-4A92-8F06-2897FE8974F6}.Release|Any CPU.Build.0 = Release|Any CPU
		{A160C43C-709C-4767-BA68-D8DFEE2CEC64}.Debug|Any CPU.ActiveCfg = Debug|Any CPU
		{A160C43C-709C-4767-BA68-D8DFEE2CEC64}.Debug|Any CPU.Build.0 = Debug|Any CPU
		{A160C43C-709C-4767-BA68-D8DFEE2CEC64}.Release|Any CPU.ActiveCfg = Release|Any CPU
		{A160C43C-709C-4767-BA68-D8DFEE2CEC64}.Release|Any CPU.Build.0 = Release|Any CPU
	EndGlobalSection
	GlobalSection(SolutionProperties) = preSolution
		HideSolutionNode = FALSE
	EndGlobalSection
	GlobalSection(ExtensibilityGlobals) = postSolution
		SolutionGuid = {04296788-81BF-44CB-960A-9F570D671E24}
	EndGlobalSection
EndGlobal
