
Microsoft Visual Studio Solution File, Format Version 12.00
# Visual Studio Version 16
VisualStudioVersion = 16.0.30611.23
MinimumVisualStudioVersion = 10.0.40219.1
Project("{FAE04EC0-301F-11D3-BF4B-00C04F79EFBC}") = "ConsoleFibonacci", "ConsoleFibonacci\ConsoleFibonacci.csproj", "{CB246826-3D8E-487D-BAC0-24F1A603DEE6}"
EndProject
Project("{FAE04EC0-301F-11D3-BF4B-00C04F79EFBC}") = "WpfKwistet", "WpfKwistet\WpfKwistet.csproj", "{2D4CA469-42E1-4FA2-BF79-68017DD198FC}"
EndProject
Project("{FAE04EC0-301F-11D3-BF4B-00C04F79EFBC}") = "WpfTodo", "WpfTodo\WpfTodo.csproj", "{F6E12788-FF79-4529-8185-0EC3DA207AB8}"
EndProject
Project("{FAE04EC0-301F-11D3-BF4B-00C04F79EFBC}") = "ConsoleScore", "ConsoleScoreApp\ConsoleScore.csproj", "{8988BB26-49DD-4038-AD87-FBA2C7EA558B}"
EndProject
Project("{FAE04EC0-301F-11D3-BF4B-00C04F79EFBC}") = "ConsolePasswoordensorteren", "ConsolePasswoordensorteren\ConsolePasswoordensorteren.csproj", "{8814E6FF-2A97-4C7B-A912-7CAACD37E666}"
EndProject
Global
	GlobalSection(SolutionConfigurationPlatforms) = preSolution
		Debug|Any CPU = Debug|Any CPU
		Release|Any CPU = Release|Any CPU
	EndGlobalSection
	GlobalSection(ProjectConfigurationPlatforms) = postSolution
		{CB246826-3D8E-487D-BAC0-24F1A603DEE6}.Debug|Any CPU.ActiveCfg = Debug|Any CPU
		{CB246826-3D8E-487D-BAC0-24F1A603DEE6}.Debug|Any CPU.Build.0 = Debug|Any CPU
		{CB246826-3D8E-487D-BAC0-24F1A603DEE6}.Release|Any CPU.ActiveCfg = Release|Any CPU
		{CB246826-3D8E-487D-BAC0-24F1A603DEE6}.Release|Any CPU.Build.0 = Release|Any CPU
		{2D4CA469-42E1-4FA2-BF79-68017DD198FC}.Debug|Any CPU.ActiveCfg = Debug|Any CPU
		{2D4CA469-42E1-4FA2-BF79-68017DD198FC}.Debug|Any CPU.Build.0 = Debug|Any CPU
		{2D4CA469-42E1-4FA2-BF79-68017DD198FC}.Release|Any CPU.ActiveCfg = Release|Any CPU
		{2D4CA469-42E1-4FA2-BF79-68017DD198FC}.Release|Any CPU.Build.0 = Release|Any CPU
		{F6E12788-FF79-4529-8185-0EC3DA207AB8}.Debug|Any CPU.ActiveCfg = Debug|Any CPU
		{F6E12788-FF79-4529-8185-0EC3DA207AB8}.Debug|Any CPU.Build.0 = Debug|Any CPU
		{F6E12788-FF79-4529-8185-0EC3DA207AB8}.Release|Any CPU.ActiveCfg = Release|Any CPU
		{F6E12788-FF79-4529-8185-0EC3DA207AB8}.Release|Any CPU.Build.0 = Release|Any CPU
		{8988BB26-49DD-4038-AD87-FBA2C7EA558B}.Debug|Any CPU.ActiveCfg = Debug|Any CPU
		{8988BB26-49DD-4038-AD87-FBA2C7EA558B}.Debug|Any CPU.Build.0 = Debug|Any CPU
		{8988BB26-49DD-4038-AD87-FBA2C7EA558B}.Release|Any CPU.ActiveCfg = Release|Any CPU
		{8988BB26-49DD-4038-AD87-FBA2C7EA558B}.Release|Any CPU.Build.0 = Release|Any CPU
		{8814E6FF-2A97-4C7B-A912-7CAACD37E666}.Debug|Any CPU.ActiveCfg = Debug|Any CPU
		{8814E6FF-2A97-4C7B-A912-7CAACD37E666}.Debug|Any CPU.Build.0 = Debug|Any CPU
		{8814E6FF-2A97-4C7B-A912-7CAACD37E666}.Release|Any CPU.ActiveCfg = Release|Any CPU
		{8814E6FF-2A97-4C7B-A912-7CAACD37E666}.Release|Any CPU.Build.0 = Release|Any CPU
	EndGlobalSection
	GlobalSection(SolutionProperties) = preSolution
		HideSolutionNode = FALSE
	EndGlobalSection
	GlobalSection(ExtensibilityGlobals) = postSolution
		SolutionGuid = {6D73AC5B-56B5-4E50-879F-6FD3488CD7EF}
	EndGlobalSection
EndGlobal
