
Microsoft Visual Studio Solution File, Format Version 12.00
# Visual Studio Version 16
VisualStudioVersion = 16.0.30611.23
MinimumVisualStudioVersion = 10.0.40219.1
Project("{FAE04EC0-301F-11D3-BF4B-00C04F79EFBC}") = "ConsoleHello", "ConsoleHello\ConsoleHello.csproj", "{3D679806-E4CA-4FCB-9BD7-A73AB6552185}"
EndProject
Project("{FAE04EC0-301F-11D3-BF4B-00C04F79EFBC}") = "ConsoleGedicht", "ConsoleGedicht\ConsoleGedicht.csproj", "{CEE1F8C6-3BD4-4FEA-8EA3-5FC9D1FCB467}"
EndProject
Project("{FAE04EC0-301F-11D3-BF4B-00C04F79EFBC}") = "ConsoleGreenHouse", "ConsoleGreenhouse\ConsoleGreenHouse.csproj", "{47BB1F44-0A27-403B-BB19-60F634932FE3}"
EndProject
Project("{FAE04EC0-301F-11D3-BF4B-00C04F79EFBC}") = "ConsoleAsciArt", "ConsoleAsciArt\ConsoleAsciArt.csproj", "{6ED1D836-A6ED-4EF5-88FE-2F5DFD6FBA2C}"
EndProject
Project("{FAE04EC0-301F-11D3-BF4B-00C04F79EFBC}") = "WpfHalloWorld", "WpfHalloWorld\WpfHalloWorld.csproj", "{B04EB6A4-CDA2-40E0-96FC-BF573522EBDD}"
EndProject
Project("{FAE04EC0-301F-11D3-BF4B-00C04F79EFBC}") = "Wpfchat", "Wpfchat\Wpfchat.csproj", "{040F7D50-54BA-47A5-B4AB-4B88C3E480E1}"
EndProject
Project("{FAE04EC0-301F-11D3-BF4B-00C04F79EFBC}") = "WpfSlider", "WpfSlider\WpfSlider.csproj", "{959A47A5-C4BA-451A-80FB-8BD5337477D8}"
EndProject
Global
	GlobalSection(SolutionConfigurationPlatforms) = preSolution
		Debug|Any CPU = Debug|Any CPU
		Release|Any CPU = Release|Any CPU
	EndGlobalSection
	GlobalSection(ProjectConfigurationPlatforms) = postSolution
		{3D679806-E4CA-4FCB-9BD7-A73AB6552185}.Debug|Any CPU.ActiveCfg = Debug|Any CPU
		{3D679806-E4CA-4FCB-9BD7-A73AB6552185}.Debug|Any CPU.Build.0 = Debug|Any CPU
		{3D679806-E4CA-4FCB-9BD7-A73AB6552185}.Release|Any CPU.ActiveCfg = Release|Any CPU
		{3D679806-E4CA-4FCB-9BD7-A73AB6552185}.Release|Any CPU.Build.0 = Release|Any CPU
		{CEE1F8C6-3BD4-4FEA-8EA3-5FC9D1FCB467}.Debug|Any CPU.ActiveCfg = Debug|Any CPU
		{CEE1F8C6-3BD4-4FEA-8EA3-5FC9D1FCB467}.Debug|Any CPU.Build.0 = Debug|Any CPU
		{CEE1F8C6-3BD4-4FEA-8EA3-5FC9D1FCB467}.Release|Any CPU.ActiveCfg = Release|Any CPU
		{CEE1F8C6-3BD4-4FEA-8EA3-5FC9D1FCB467}.Release|Any CPU.Build.0 = Release|Any CPU
		{47BB1F44-0A27-403B-BB19-60F634932FE3}.Debug|Any CPU.ActiveCfg = Debug|Any CPU
		{47BB1F44-0A27-403B-BB19-60F634932FE3}.Debug|Any CPU.Build.0 = Debug|Any CPU
		{47BB1F44-0A27-403B-BB19-60F634932FE3}.Release|Any CPU.ActiveCfg = Release|Any CPU
		{47BB1F44-0A27-403B-BB19-60F634932FE3}.Release|Any CPU.Build.0 = Release|Any CPU
		{6ED1D836-A6ED-4EF5-88FE-2F5DFD6FBA2C}.Debug|Any CPU.ActiveCfg = Debug|Any CPU
		{6ED1D836-A6ED-4EF5-88FE-2F5DFD6FBA2C}.Debug|Any CPU.Build.0 = Debug|Any CPU
		{6ED1D836-A6ED-4EF5-88FE-2F5DFD6FBA2C}.Release|Any CPU.ActiveCfg = Release|Any CPU
		{6ED1D836-A6ED-4EF5-88FE-2F5DFD6FBA2C}.Release|Any CPU.Build.0 = Release|Any CPU
		{B04EB6A4-CDA2-40E0-96FC-BF573522EBDD}.Debug|Any CPU.ActiveCfg = Debug|Any CPU
		{B04EB6A4-CDA2-40E0-96FC-BF573522EBDD}.Debug|Any CPU.Build.0 = Debug|Any CPU
		{B04EB6A4-CDA2-40E0-96FC-BF573522EBDD}.Release|Any CPU.ActiveCfg = Release|Any CPU
		{B04EB6A4-CDA2-40E0-96FC-BF573522EBDD}.Release|Any CPU.Build.0 = Release|Any CPU
		{040F7D50-54BA-47A5-B4AB-4B88C3E480E1}.Debug|Any CPU.ActiveCfg = Debug|Any CPU
		{040F7D50-54BA-47A5-B4AB-4B88C3E480E1}.Debug|Any CPU.Build.0 = Debug|Any CPU
		{040F7D50-54BA-47A5-B4AB-4B88C3E480E1}.Release|Any CPU.ActiveCfg = Release|Any CPU
		{040F7D50-54BA-47A5-B4AB-4B88C3E480E1}.Release|Any CPU.Build.0 = Release|Any CPU
		{959A47A5-C4BA-451A-80FB-8BD5337477D8}.Debug|Any CPU.ActiveCfg = Debug|Any CPU
		{959A47A5-C4BA-451A-80FB-8BD5337477D8}.Debug|Any CPU.Build.0 = Debug|Any CPU
		{959A47A5-C4BA-451A-80FB-8BD5337477D8}.Release|Any CPU.ActiveCfg = Release|Any CPU
		{959A47A5-C4BA-451A-80FB-8BD5337477D8}.Release|Any CPU.Build.0 = Release|Any CPU
	EndGlobalSection
	GlobalSection(SolutionProperties) = preSolution
		HideSolutionNode = FALSE
	EndGlobalSection
	GlobalSection(ExtensibilityGlobals) = postSolution
		SolutionGuid = {0E144073-4834-4E65-B5FC-23D76D108571}
	EndGlobalSection
EndGlobal
