
Microsoft Visual Studio Solution File, Format Version 12.00
# Visual Studio Version 16
VisualStudioVersion = 16.0.30611.23
MinimumVisualStudioVersion = 10.0.40219.1
Project("{FAE04EC0-301F-11D3-BF4B-00C04F79EFBC}") = "ConsoleHello", "ConsoleHello\ConsoleHello.csproj", "{3D679806-E4CA-4FCB-9BD7-A73AB6552185}"
EndProject
Global
	GlobalSection(SolutionConfigurationPlatforms) = preSolution
		Debug|Any CPU = Debug|Any CPU
		Release|Any CPU = Release|Any CPU
	EndGlobalSection
	GlobalSection(ProjectConfigurationPlatforms) = postSolution
		{3D679806-E4CA-4FCB-9BD7-A73AB6552185}.Debug|Any CPU.ActiveCfg = Debug|Any CPU
		{3D679806-E4CA-4FCB-9BD7-A73AB6552185}.Debug|Any CPU.Build.0 = Debug|Any CPU
		{3D679806-E4CA-4FCB-9BD7-A73AB6552185}.Release|Any CPU.ActiveCfg = Release|Any CPU
		{3D679806-E4CA-4FCB-9BD7-A73AB6552185}.Release|Any CPU.Build.0 = Release|Any CPU
	EndGlobalSection
	GlobalSection(SolutionProperties) = preSolution
		HideSolutionNode = FALSE
	EndGlobalSection
	GlobalSection(ExtensibilityGlobals) = postSolution
		SolutionGuid = {0E144073-4834-4E65-B5FC-23D76D108571}
	EndGlobalSection
EndGlobal
